
Microsoft Visual Studio Solution File, Format Version 12.00
# Visual Studio Version 17
VisualStudioVersion = 17.14.35806.103
MinimumVisualStudioVersion = 10.0.40219.1
Project("{2150E333-8FDC-42A3-9474-1A3956D46DE8}") = "PyhtonC3DReader", "PyhtonC3DReader", "{02EA681E-C7D8-13C7-8484-4AC65E1B71E8}"
EndProject
Project("{888888A0-9F3D-457C-B088-3A5042F75D52}") = "PythonC3DReader", "Python\PythonC3DReader\PythonC3DReader.pyproj", "{EF4108ED-9B30-4402-A929-34FF87C65F17}"
EndProject
Project("{2150E333-8FDC-42A3-9474-1A3956D46DE8}") = "SubjectService", "SubjectService", "{C1BF999E-1FE2-4B8C-BAB6-2ED7179A5645}"
EndProject
Project("{2150E333-8FDC-42A3-9474-1A3956D46DE8}") = "GaitCycleService", "GaitCycleService", "{482957CB-6AFE-4A3C-BAA4-2B766F0343C3}"
EndProject
Project("{FAE04EC0-301F-11D3-BF4B-00C04F79EFBC}") = "Subject.API", "SubjectService\Subject.API\Subject.API.csproj", "{13AF559C-9DEE-055B-40F5-89F094710283}"
EndProject
Project("{FAE04EC0-301F-11D3-BF4B-00C04F79EFBC}") = "GaitCycle.API", "GaitCycleService\GaitCycle.API\GaitCycle.API.csproj", "{D1116BE2-0652-CC6A-0BF9-982DBEE7C9DE}"
EndProject
Project("{FAE04EC0-301F-11D3-BF4B-00C04F79EFBC}") = "GaitKeeper.AppHost", "GaitKeeper.AppHost\GaitKeeper.AppHost.csproj", "{2FAEFB2D-E6EA-4B47-855C-482F3D1ADFB9}"
EndProject
Project("{FAE04EC0-301F-11D3-BF4B-00C04F79EFBC}") = "GaitKeeper.ServiceDefaults", "GaitKeeper.ServiceDefaults\GaitKeeper.ServiceDefaults.csproj", "{C5A45DCC-F8DC-632F-C6CB-EC7C7FD053B5}"
EndProject
Project("{2150E333-8FDC-42A3-9474-1A3956D46DE8}") = "Aspire", "Aspire", "{8BA5C382-6057-4942-80F2-F1BDA9854256}"
EndProject
Global
	GlobalSection(SolutionConfigurationPlatforms) = preSolution
		Debug|Any CPU = Debug|Any CPU
		Release|Any CPU = Release|Any CPU
	EndGlobalSection
	GlobalSection(ProjectConfigurationPlatforms) = postSolution
		{EF4108ED-9B30-4402-A929-34FF87C65F17}.Debug|Any CPU.ActiveCfg = Debug|Any CPU
		{EF4108ED-9B30-4402-A929-34FF87C65F17}.Release|Any CPU.ActiveCfg = Release|Any CPU
		{13AF559C-9DEE-055B-40F5-89F094710283}.Debug|Any CPU.ActiveCfg = Debug|Any CPU
		{13AF559C-9DEE-055B-40F5-89F094710283}.Debug|Any CPU.Build.0 = Debug|Any CPU
		{13AF559C-9DEE-055B-40F5-89F094710283}.Release|Any CPU.ActiveCfg = Release|Any CPU
		{13AF559C-9DEE-055B-40F5-89F094710283}.Release|Any CPU.Build.0 = Release|Any CPU
		{D1116BE2-0652-CC6A-0BF9-982DBEE7C9DE}.Debug|Any CPU.ActiveCfg = Debug|Any CPU
		{D1116BE2-0652-CC6A-0BF9-982DBEE7C9DE}.Debug|Any CPU.Build.0 = Debug|Any CPU
		{D1116BE2-0652-CC6A-0BF9-982DBEE7C9DE}.Release|Any CPU.ActiveCfg = Release|Any CPU
		{D1116BE2-0652-CC6A-0BF9-982DBEE7C9DE}.Release|Any CPU.Build.0 = Release|Any CPU
		{2FAEFB2D-E6EA-4B47-855C-482F3D1ADFB9}.Debug|Any CPU.ActiveCfg = Debug|Any CPU
		{2FAEFB2D-E6EA-4B47-855C-482F3D1ADFB9}.Debug|Any CPU.Build.0 = Debug|Any CPU
		{2FAEFB2D-E6EA-4B47-855C-482F3D1ADFB9}.Release|Any CPU.ActiveCfg = Release|Any CPU
		{2FAEFB2D-E6EA-4B47-855C-482F3D1ADFB9}.Release|Any CPU.Build.0 = Release|Any CPU
		{C5A45DCC-F8DC-632F-C6CB-EC7C7FD053B5}.Debug|Any CPU.ActiveCfg = Debug|Any CPU
		{C5A45DCC-F8DC-632F-C6CB-EC7C7FD053B5}.Debug|Any CPU.Build.0 = Debug|Any CPU
		{C5A45DCC-F8DC-632F-C6CB-EC7C7FD053B5}.Release|Any CPU.ActiveCfg = Release|Any CPU
		{C5A45DCC-F8DC-632F-C6CB-EC7C7FD053B5}.Release|Any CPU.Build.0 = Release|Any CPU
	EndGlobalSection
	GlobalSection(SolutionProperties) = preSolution
		HideSolutionNode = FALSE
	EndGlobalSection
	GlobalSection(NestedProjects) = preSolution
		{EF4108ED-9B30-4402-A929-34FF87C65F17} = {02EA681E-C7D8-13C7-8484-4AC65E1B71E8}
		{13AF559C-9DEE-055B-40F5-89F094710283} = {C1BF999E-1FE2-4B8C-BAB6-2ED7179A5645}
		{D1116BE2-0652-CC6A-0BF9-982DBEE7C9DE} = {482957CB-6AFE-4A3C-BAA4-2B766F0343C3}
		{2FAEFB2D-E6EA-4B47-855C-482F3D1ADFB9} = {8BA5C382-6057-4942-80F2-F1BDA9854256}
		{C5A45DCC-F8DC-632F-C6CB-EC7C7FD053B5} = {8BA5C382-6057-4942-80F2-F1BDA9854256}
	EndGlobalSection
	GlobalSection(ExtensibilityGlobals) = postSolution
		SolutionGuid = {0BDD8726-2145-41C1-9AFD-38417F8999E8}
	EndGlobalSection
EndGlobal
